{
  "originHash" : "b56d4500b52ae076890c95437f4a2a4250166a9668714e756bad99c57bc50c9b",
  "pins" : [
    {
      "identity" : "swift-argument-parser",
      "kind" : "remoteSourceControl",
      "location" : "https://github.com/apple/swift-argument-parser",
      "state" : {
        "revision" : "cdd0ef3755280949551dc26dee5de9ddeda89f54",
        "version" : "1.6.2"
      }
    }
  ],
  "version" : 3
}
